
Microsoft Visual Studio Solution File, Format Version 12.00
# Visual Studio 15
VisualStudioVersion = 15.0.25807.0
MinimumVisualStudioVersion = 10.0.40219.1
Project("{2150E333-8FDC-42A3-9474-1A3956D46DE8}") = "Engine", "Engine", "{C9230A2B-BF4B-45B9-A1E9-32A19D268203}"
EndProject
Project("{2150E333-8FDC-42A3-9474-1A3956D46DE8}") = "Games", "Games", "{6A1952F0-E30E-492B-A5CC-EF021FAAEE89}"
EndProject
Project("{8BC9CEB8-8B4A-11D0-8D11-00A0C91BC942}") = "UE4", "Intermediate\ProjectFiles\UE4.vcxproj", "{E5E6FCBD-59A9-49E3-8B65-82FEF125250F}"
EndProject
Project("{8BC9CEB8-8B4A-11D0-8D11-00A0C91BC942}") = "SpaceShooter", "Intermediate\ProjectFiles\SpaceShooter.vcxproj", "{B4FEB32F-197F-4C13-839B-FEA37651B790}"
EndProject
Global
	GlobalSection(SolutionConfigurationPlatforms) = preSolution
		DebugGame Editor|Win32 = DebugGame Editor|Win32
		DebugGame Editor|Win64 = DebugGame Editor|Win64
		DebugGame|Win32 = DebugGame|Win32
		DebugGame|Win64 = DebugGame|Win64
		Development Editor|Win32 = Development Editor|Win32
		Development Editor|Win64 = Development Editor|Win64
		Development|Win32 = Development|Win32
		Development|Win64 = Development|Win64
		Shipping|Win32 = Shipping|Win32
		Shipping|Win64 = Shipping|Win64
	EndGlobalSection
	GlobalSection(ProjectConfigurationPlatforms) = postSolution
		{E5E6FCBD-59A9-49E3-8B65-82FEF125250F}.DebugGame Editor|Win32.ActiveCfg = BuiltWithUnrealBuildTool|Win32
		{E5E6FCBD-59A9-49E3-8B65-82FEF125250F}.DebugGame Editor|Win32.Build.0 = BuiltWithUnrealBuildTool|Win32
		{E5E6FCBD-59A9-49E3-8B65-82FEF125250F}.DebugGame Editor|Win64.ActiveCfg = BuiltWithUnrealBuildTool|Win32
		{E5E6FCBD-59A9-49E3-8B65-82FEF125250F}.DebugGame Editor|Win64.Build.0 = BuiltWithUnrealBuildTool|Win32
		{E5E6FCBD-59A9-49E3-8B65-82FEF125250F}.DebugGame|Win32.ActiveCfg = BuiltWithUnrealBuildTool|Win32
		{E5E6FCBD-59A9-49E3-8B65-82FEF125250F}.DebugGame|Win32.Build.0 = BuiltWithUnrealBuildTool|Win32
		{E5E6FCBD-59A9-49E3-8B65-82FEF125250F}.DebugGame|Win64.ActiveCfg = BuiltWithUnrealBuildTool|Win32
		{E5E6FCBD-59A9-49E3-8B65-82FEF125250F}.DebugGame|Win64.Build.0 = BuiltWithUnrealBuildTool|Win32
		{E5E6FCBD-59A9-49E3-8B65-82FEF125250F}.Development Editor|Win32.ActiveCfg = BuiltWithUnrealBuildTool|Win32
		{E5E6FCBD-59A9-49E3-8B65-82FEF125250F}.Development Editor|Win32.Build.0 = BuiltWithUnrealBuildTool|Win32
		{E5E6FCBD-59A9-49E3-8B65-82FEF125250F}.Development Editor|Win64.ActiveCfg = BuiltWithUnrealBuildTool|Win32
		{E5E6FCBD-59A9-49E3-8B65-82FEF125250F}.Development Editor|Win64.Build.0 = BuiltWithUnrealBuildTool|Win32
		{E5E6FCBD-59A9-49E3-8B65-82FEF125250F}.Development|Win32.ActiveCfg = BuiltWithUnrealBuildTool|Win32
		{E5E6FCBD-59A9-49E3-8B65-82FEF125250F}.Development|Win32.Build.0 = BuiltWithUnrealBuildTool|Win32
		{E5E6FCBD-59A9-49E3-8B65-82FEF125250F}.Development|Win64.ActiveCfg = BuiltWithUnrealBuildTool|Win32
		{E5E6FCBD-59A9-49E3-8B65-82FEF125250F}.Development|Win64.Build.0 = BuiltWithUnrealBuildTool|Win32
		{E5E6FCBD-59A9-49E3-8B65-82FEF125250F}.Shipping|Win32.ActiveCfg = BuiltWithUnrealBuildTool|Win32
		{E5E6FCBD-59A9-49E3-8B65-82FEF125250F}.Shipping|Win32.Build.0 = BuiltWithUnrealBuildTool|Win32
		{E5E6FCBD-59A9-49E3-8B65-82FEF125250F}.Shipping|Win64.ActiveCfg = BuiltWithUnrealBuildTool|Win32
		{E5E6FCBD-59A9-49E3-8B65-82FEF125250F}.Shipping|Win64.Build.0 = BuiltWithUnrealBuildTool|Win32
		{B4FEB32F-197F-4C13-839B-FEA37651B790}.DebugGame Editor|Win32.ActiveCfg = DebugGame_Editor|Win32
		{B4FEB32F-197F-4C13-839B-FEA37651B790}.DebugGame Editor|Win64.ActiveCfg = DebugGame_Editor|x64
		{B4FEB32F-197F-4C13-839B-FEA37651B790}.DebugGame Editor|Win64.Build.0 = DebugGame_Editor|x64
		{B4FEB32F-197F-4C13-839B-FEA37651B790}.DebugGame|Win32.ActiveCfg = DebugGame_Game|Win32
		{B4FEB32F-197F-4C13-839B-FEA37651B790}.DebugGame|Win32.Build.0 = DebugGame_Game|Win32
		{B4FEB32F-197F-4C13-839B-FEA37651B790}.DebugGame|Win64.ActiveCfg = DebugGame_Game|x64
		{B4FEB32F-197F-4C13-839B-FEA37651B790}.DebugGame|Win64.Build.0 = DebugGame_Game|x64
		{B4FEB32F-197F-4C13-839B-FEA37651B790}.Development Editor|Win32.ActiveCfg = Development_Editor|Win32
		{B4FEB32F-197F-4C13-839B-FEA37651B790}.Development Editor|Win64.ActiveCfg = Development_Editor|x64
		{B4FEB32F-197F-4C13-839B-FEA37651B790}.Development Editor|Win64.Build.0 = Development_Editor|x64
		{B4FEB32F-197F-4C13-839B-FEA37651B790}.Development|Win32.ActiveCfg = Development_Game|Win32
		{B4FEB32F-197F-4C13-839B-FEA37651B790}.Development|Win32.Build.0 = Development_Game|Win32
		{B4FEB32F-197F-4C13-839B-FEA37651B790}.Development|Win64.ActiveCfg = Development_Game|x64
		{B4FEB32F-197F-4C13-839B-FEA37651B790}.Development|Win64.Build.0 = Development_Game|x64
		{B4FEB32F-197F-4C13-839B-FEA37651B790}.Shipping|Win32.ActiveCfg = Shipping_Game|Win32
		{B4FEB32F-197F-4C13-839B-FEA37651B790}.Shipping|Win32.Build.0 = Shipping_Game|Win32
		{B4FEB32F-197F-4C13-839B-FEA37651B790}.Shipping|Win64.ActiveCfg = Shipping_Game|x64
		{B4FEB32F-197F-4C13-839B-FEA37651B790}.Shipping|Win64.Build.0 = Shipping_Game|x64
	EndGlobalSection
	GlobalSection(SolutionProperties) = preSolution
		HideSolutionNode = FALSE
	EndGlobalSection
	GlobalSection(NestedProjects) = preSolution
		{E5E6FCBD-59A9-49E3-8B65-82FEF125250F} = {C9230A2B-BF4B-45B9-A1E9-32A19D268203}
		{B4FEB32F-197F-4C13-839B-FEA37651B790} = {6A1952F0-E30E-492B-A5CC-EF021FAAEE89}
	EndGlobalSection
	GlobalSection(ExtensibilityGlobals) = postSolution
		SolutionGuid = {2CE97B87-A086-4FD1-8C30-1F20125B2178}
	EndGlobalSection
EndGlobal
